
Microsoft Visual Studio Solution File, Format Version 12.00
# Visual Studio Version 17
VisualStudioVersion = 17.0.31611.283
MinimumVisualStudioVersion = 10.0.40219.1
Project("{9A19103F-16F7-4668-BE54-9A1E7A4F7556}") = "Playground_ActivityIndicator", "Playground_ActivityIndicator\Playground_ActivityIndicator.csproj", "{053E5917-B5DF-48F4-A9E3-39E5228B26DE}"
EndProject
Global
	GlobalSection(SolutionConfigurationPlatforms) = preSolution
		Debug|Any CPU = Debug|Any CPU
		Release|Any CPU = Release|Any CPU
	EndGlobalSection
	GlobalSection(ProjectConfigurationPlatforms) = postSolution
		{053E5917-B5DF-48F4-A9E3-39E5228B26DE}.Debug|Any CPU.ActiveCfg = Debug|Any CPU
		{053E5917-B5DF-48F4-A9E3-39E5228B26DE}.Debug|Any CPU.Build.0 = Debug|Any CPU
		{053E5917-B5DF-48F4-A9E3-39E5228B26DE}.Debug|Any CPU.Deploy.0 = Debug|Any CPU
		{053E5917-B5DF-48F4-A9E3-39E5228B26DE}.Release|Any CPU.ActiveCfg = Release|Any CPU
		{053E5917-B5DF-48F4-A9E3-39E5228B26DE}.Release|Any CPU.Build.0 = Release|Any CPU
		{053E5917-B5DF-48F4-A9E3-39E5228B26DE}.Release|Any CPU.Deploy.0 = Release|Any CPU
	EndGlobalSection
	GlobalSection(SolutionProperties) = preSolution
		HideSolutionNode = FALSE
	EndGlobalSection
	GlobalSection(ExtensibilityGlobals) = postSolution
		SolutionGuid = {61F7FB11-1E47-470C-91E2-47F8143E1572}
	EndGlobalSection
EndGlobal
